
Microsoft Visual Studio Solution File, Format Version 12.00
# Visual Studio Version 17
VisualStudioVersion = 17.7.34221.43
MinimumVisualStudioVersion = 10.0.40219.1
Project("{FAE04EC0-301F-11D3-BF4B-00C04F79EFBC}") = "Shellcode_Injector", "Shellcode_Injector.csproj", "{C459C3EC-D7D5-4888-9A55-01251455EBDF}"
EndProject
Global
	GlobalSection(SolutionConfigurationPlatforms) = preSolution
		Debug|Any CPU = Debug|Any CPU
		Debug|x64 = Debug|x64
		Release|Any CPU = Release|Any CPU
		Release|x64 = Release|x64
	EndGlobalSection
	GlobalSection(ProjectConfigurationPlatforms) = postSolution
		{C459C3EC-D7D5-4888-9A55-01251455EBDF}.Debug|Any CPU.ActiveCfg = Debug|Any CPU
		{C459C3EC-D7D5-4888-9A55-01251455EBDF}.Debug|Any CPU.Build.0 = Debug|Any CPU
		{C459C3EC-D7D5-4888-9A55-01251455EBDF}.Debug|x64.ActiveCfg = Debug|Any CPU
		{C459C3EC-D7D5-4888-9A55-01251455EBDF}.Debug|x64.Build.0 = Debug|Any CPU
		{C459C3EC-D7D5-4888-9A55-01251455EBDF}.Release|Any CPU.ActiveCfg = Release|Any CPU
		{C459C3EC-D7D5-4888-9A55-01251455EBDF}.Release|Any CPU.Build.0 = Release|Any CPU
		{C459C3EC-D7D5-4888-9A55-01251455EBDF}.Release|x64.ActiveCfg = Release|x64
		{C459C3EC-D7D5-4888-9A55-01251455EBDF}.Release|x64.Build.0 = Release|x64
	EndGlobalSection
	GlobalSection(SolutionProperties) = preSolution
		HideSolutionNode = FALSE
	EndGlobalSection
	GlobalSection(ExtensibilityGlobals) = postSolution
		SolutionGuid = {983B4D34-290A-46FE-8EC9-9A4FAFA7A28C}
	EndGlobalSection
EndGlobal
